
Microsoft Visual Studio Solution File, Format Version 12.00
# Visual Studio Version 16
VisualStudioVersion = 16.0.31729.503
MinimumVisualStudioVersion = 10.0.40219.1
Project("{FAE04EC0-301F-11D3-BF4B-00C04F79EFBC}") = "Stored procedure", "Stored procedure\Stored procedure.csproj", "{82FB2D45-CDA4-450E-A776-56F936947F8E}"
EndProject
Global
	GlobalSection(SolutionConfigurationPlatforms) = preSolution
		Debug|Any CPU = Debug|Any CPU
		Release|Any CPU = Release|Any CPU
	EndGlobalSection
	GlobalSection(ProjectConfigurationPlatforms) = postSolution
		{82FB2D45-CDA4-450E-A776-56F936947F8E}.Debug|Any CPU.ActiveCfg = Debug|Any CPU
		{82FB2D45-CDA4-450E-A776-56F936947F8E}.Debug|Any CPU.Build.0 = Debug|Any CPU
		{82FB2D45-CDA4-450E-A776-56F936947F8E}.Release|Any CPU.ActiveCfg = Release|Any CPU
		{82FB2D45-CDA4-450E-A776-56F936947F8E}.Release|Any CPU.Build.0 = Release|Any CPU
	EndGlobalSection
	GlobalSection(SolutionProperties) = preSolution
		HideSolutionNode = FALSE
	EndGlobalSection
	GlobalSection(ExtensibilityGlobals) = postSolution
		SolutionGuid = {4560910B-6B96-4AD4-A6A9-F91D49835C3A}
	EndGlobalSection
EndGlobal
